---
label: text_block
hide_body: true
fields:
- name: text
  type: textarea
  default: ''
  config:
    required: false
    wysiwyg: true
    schema:
      format: html-blocks
  label: Text
- name: color
  type: text
  config:
    required: false
  label: Text Color
  default: ''
  description: Options are:<br>- inherit <br>- red<br>- navy<br>- lightblue<br>- black<br>-
    white<br>- yellow<br>- lightgray<br><br>
- name: bg_color
  type: text
  config:
    required: false
  label: Background Color
  default: ''
  description: Options are:<br>- inherit <br>- red<br>- navy<br>- lightblue<br>- black<br>-
    white<br>- yellow<br>- lightgray
- name: align
  type: select
  default: []
  config:
    required: false
    options: []
    source:
      type: simple
      section: 
      file: 
      path: 
  label: Text Align
  description: '"center" | "left" | "right" | "justify"'
