---
label: text_block
hide_body: true
fields:
- name: text
  type: textarea
  default: ''
  config:
    required: false
    wysiwyg: true
    schema:
      format: html-blocks
  label: Text
- name: align
  type: select
  default: []
  config:
    required: false
    options:
    - center
    - left
    - right
    - justify
    source:
      type: simple
      section: 
      file: 
      path: 
  label: Text Align
- name: color
  type: select
  default: []
  config:
    required: false
    options:
    - inherit
    - red
    - navy
    - lightblue
    - black
    - white
    - yellow
    - lightgray
    source:
      type: simple
      section: 
      file: 
      path: 
  label: Text Color
- name: bg_color
  type: select
  default: []
  config:
    required: false
    options:
    - inherit
    - red
    - navy
    - lightblue
    - black
    - white
    - yellow
    - lightgray
    source:
      type: simple
      section: 
      file: 
      path: 
  label: Background Color
