---
label: text_block
hide_body: true
fields:
- name: text
  type: textarea
  default: ''
  config:
    required: false
    wysiwyg: true
    schema:
      format: html-blocks
  label: Text
- name: color
  type: text
  config:
    required: true
  label: Text Color
  default: inherit
- name: bg_color
  type: text
  config:
    required: true
  label: Background Color
  default: inherit
